{
  "version": 4,
  "terraform_version": "1.13.1",
  "serial": 41,
  "lineage": "4d46167c-4cc3-6ce4-276d-a0977c5f75c5",
  "outputs": {
    "alb_dns_name": {
      "value": "skilllink-alb-1117760402.us-east-1.elb.amazonaws.com",
      "type": "string"
    },
    "alb_zone_id": {
      "value": "Z35SXDOTRQ7X7K",
      "type": "string"
    },
    "application_urls": {
      "value": {
        "api": "http://skilllink-alb-1117760402.us-east-1.elb.amazonaws.com/api",
        "backend": "http://skilllink-alb-1117760402.us-east-1.elb.amazonaws.com",
        "frontend": "http://skilllink-frontend-370cd233.s3-website-us-east-1.amazonaws.com"
      },
      "type": [
        "object",
        {
          "api": "string",
          "backend": "string",
          "frontend": "string"
        }
      ]
    },
    "backend_instance_id": {
      "value": "i-0d24f88660092152d",
      "type": "string"
    },
    "backend_private_ip": {
      "value": "10.0.1.202",
      "type": "string"
    },
    "backend_public_ip": {
      "value": "54.173.67.86",
      "type": "string"
    },
    "frontend_bucket_name": {
      "value": "skilllink-frontend-370cd233",
      "type": "string"
    },
    "frontend_bucket_website_endpoint": {
      "value": "s3-website-us-east-1.amazonaws.com",
      "type": "string"
    },
    "private_subnet_id": {
      "value": "subnet-0439b0760b6c94a8c",
      "type": "string"
    },
    "public_subnet_id": {
      "value": "subnet-072dcb9f2b913802f",
      "type": "string"
    },
    "rds_database_name": {
      "value": "skilllink",
      "type": "string"
    },
    "rds_endpoint": {
      "value": "skilllink-db.ccra4a804f4g.us-east-1.rds.amazonaws.com:5432",
      "type": "string"
    },
    "rds_port": {
      "value": 5432,
      "type": "number"
    },
    "rds_username": {
      "value": "skilllink_admin",
      "type": "string"
    },
    "ssh_command": {
      "value": "ssh -i skilllink-keypair-prod.pem ubuntu@54.173.67.86",
      "type": "string"
    },
    "ssm_db_password_parameter": {
      "value": "/skilllink/db/password",
      "type": "string"
    },
    "ssm_jwt_secret_parameter": {
      "value": "/skilllink/jwt/secret",
      "type": "string"
    },
    "vpc_id": {
      "value": "vpc-00a606f2fa742d797",
      "type": "string"
    }
  },
  "resources": [
    {
      "mode": "data",
      "type": "aws_ami",
      "name": "ubuntu",
      "provider": "provider[\"registry.terraform.io/hashicorp/aws\"]",
      "instances": [
        {
          "schema_version": 0,
          "attributes": {
            "allow_unsafe_filter": null,
            "architecture": "x86_64",
            "arn": "arn:aws:ec2:us-east-1::image/ami-0fb0b230890ccd1e6",
            "block_device_mappings": [
              {
                "device_name": "/dev/sda1",
                "ebs": {
                  "delete_on_termination": "true",
                  "encrypted": "false",
                  "iops": "0",
                  "snapshot_id": "snap-01a042ee8ac5da832",
                  "throughput": "0",
                  "volume_initialization_rate": "0",
                  "volume_size": "8",
                  "volume_type": "gp2"
                },
                "no_device": "",
                "virtual_name": ""
              },
              {
                "device_name": "/dev/sdb",
                "ebs": {},
                "no_device": "",
                "virtual_name": "ephemeral0"
              },
              {
                "device_name": "/dev/sdc",
                "ebs": {},
                "no_device": "",
                "virtual_name": "ephemeral1"
              }
            ],
            "boot_mode": "legacy-bios",
            "creation_date": "2025-06-25T05:33:11.000Z",
            "deprecation_time": "2027-06-25T05:33:11.000Z",
            "description": "Canonical, Ubuntu, 20.04, amd64 focal image",
            "ena_support": true,
            "executable_users": null,
            "filter": [
              {
                "name": "name",
                "values": [
                  "ubuntu/images/hvm-ssd/ubuntu-focal-20.04-amd64-server-*"
                ]
              },
              {
                "name": "virtualization-type",
                "values": [
                  "hvm"
                ]
              }
            ],
            "hypervisor": "xen",
            "id": "ami-0fb0b230890ccd1e6",
            "image_id": "ami-0fb0b230890ccd1e6",
            "image_location": "amazon/ubuntu/images/hvm-ssd/ubuntu-focal-20.04-amd64-server-20250624",
            "image_owner_alias": "amazon",
            "image_type": "machine",
            "imds_support": "",
            "include_deprecated": false,
            "kernel_id": "",
            "last_launched_time": "",
            "most_recent": true,
            "name": "ubuntu/images/hvm-ssd/ubuntu-focal-20.04-amd64-server-20250624",
            "name_regex": null,
            "owner_id": "099720109477",
            "owners": [
              "099720109477"
            ],
            "platform": "",
            "platform_details": "Linux/UNIX",
            "product_codes": [],
            "public": true,
            "ramdisk_id": "",
            "region": "us-east-1",
            "root_device_name": "/dev/sda1",
            "root_device_type": "ebs",
            "root_snapshot_id": "snap-01a042ee8ac5da832",
            "sriov_net_support": "simple",
            "state": "available",
            "state_reason": {
              "code": "UNSET",
              "message": "UNSET"
            },
            "tags": {},
            "timeouts": null,
            "tpm_support": "",
            "uefi_data": null,
            "usage_operation": "RunInstances",
            "virtualization_type": "hvm"
          },
          "sensitive_attributes": [],
          "identity_schema_version": 0
        }
      ]
    },
    {
      "mode": "managed",
      "type": "aws_db_instance",
      "name": "main",
      "provider": "provider[\"registry.terraform.io/hashicorp/aws\"]",
      "instances": [
        {
          "schema_version": 2,
          "attributes": {
            "address": "skilllink-db.ccra4a804f4g.us-east-1.rds.amazonaws.com",
            "allocated_storage": 20,
            "allow_major_version_upgrade": null,
            "apply_immediately": false,
            "arn": "arn:aws:rds:us-east-1:463470958920:db:skilllink-db",
            "auto_minor_version_upgrade": true,
            "availability_zone": "us-east-1b",
            "backup_retention_period": 7,
            "backup_target": "region",
            "backup_window": "03:00-04:00",
            "blue_green_update": [],
            "ca_cert_identifier": "rds-ca-rsa2048-g1",
            "character_set_name": "",
            "copy_tags_to_snapshot": false,
            "custom_iam_instance_profile": "",
            "customer_owned_ip_enabled": false,
            "database_insights_mode": "standard",
            "db_name": "skilllink",
            "db_subnet_group_name": "skilllink-db-subnet-group",
            "dedicated_log_volume": false,
            "delete_automated_backups": true,
            "deletion_protection": false,
            "domain": "",
            "domain_auth_secret_arn": "",
            "domain_dns_ips": null,
            "domain_fqdn": "",
            "domain_iam_role_name": "",
            "domain_ou": "",
            "enabled_cloudwatch_logs_exports": null,
            "endpoint": "skilllink-db.ccra4a804f4g.us-east-1.rds.amazonaws.com:5432",
            "engine": "postgres",
            "engine_lifecycle_support": "open-source-rds-extended-support",
            "engine_version": "15.10",
            "engine_version_actual": "15.10",
            "final_snapshot_identifier": null,
            "hosted_zone_id": "Z2R2ITUGPM61AM",
            "iam_database_authentication_enabled": false,
            "id": "db-XQZIPQSKXQ77HLU4LUF2TJ7IBE",
            "identifier": "skilllink-db",
            "identifier_prefix": "",
            "instance_class": "db.t3.micro",
            "iops": 0,
            "kms_key_id": "",
            "latest_restorable_time": "2025-09-02T07:02:03Z",
            "license_model": "postgresql-license",
            "listener_endpoint": [],
            "maintenance_window": "sun:04:00-sun:05:00",
            "manage_master_user_password": null,
            "master_user_secret": [],
            "master_user_secret_kms_key_id": null,
            "max_allocated_storage": 0,
            "monitoring_interval": 0,
            "monitoring_role_arn": "",
            "multi_az": false,
            "nchar_character_set_name": "",
            "network_type": "IPV4",
            "option_group_name": "default:postgres-15",
            "parameter_group_name": "default.postgres15",
            "password": "SkillLinkSecureDB2024!",
            "password_wo": null,
            "password_wo_version": null,
            "performance_insights_enabled": false,
            "performance_insights_kms_key_id": "",
            "performance_insights_retention_period": 0,
            "port": 5432,
            "publicly_accessible": false,
            "region": "us-east-1",
            "replica_mode": "",
            "replicas": [],
            "replicate_source_db": "",
            "resource_id": "db-XQZIPQSKXQ77HLU4LUF2TJ7IBE",
            "restore_to_point_in_time": [],
            "s3_import": [],
            "skip_final_snapshot": true,
            "snapshot_identifier": null,
            "status": "available",
            "storage_encrypted": false,
            "storage_throughput": 0,
            "storage_type": "gp2",
            "tags": {
              "Name": "skilllink-rds"
            },
            "tags_all": {
              "Name": "skilllink-rds"
            },
            "timeouts": null,
            "timezone": "",
            "upgrade_storage_config": null,
            "username": "skilllink_admin",
            "vpc_security_group_ids": [
              "sg-0069c9478f44e291e"
            ]
          },
          "sensitive_attributes": [
            [
              {
                "type": "get_attr",
                "value": "password"
              }
            ],
            [
              {
                "type": "get_attr",
                "value": "password_wo"
              }
            ]
          ],
          "identity_schema_version": 0,
          "private": "eyJlMmJmYjczMC1lY2FhLTExZTYtOGY4OC0zNDM2M2JjN2M0YzAiOnsiY3JlYXRlIjozMDAwMDAwMDAwMDAwLCJkZWxldGUiOjM2MDAwMDAwMDAwMDAsInVwZGF0ZSI6NDgwMDAwMDAwMDAwMH0sInNjaGVtYV92ZXJzaW9uIjoiMiJ9",
          "dependencies": [
            "aws_db_subnet_group.main",
            "aws_security_group.alb",
            "aws_security_group.ec2",
            "aws_security_group.rds",
            "aws_subnet.private",
            "aws_subnet.public",
            "aws_vpc.main"
          ]
        }
      ]
    },
    {
      "mode": "managed",
      "type": "aws_db_subnet_group",
      "name": "main",
      "provider": "provider[\"registry.terraform.io/hashicorp/aws\"]",
      "instances": [
        {
          "schema_version": 0,
          "attributes": {
            "arn": "arn:aws:rds:us-east-1:463470958920:subgrp:skilllink-db-subnet-group",
            "description": "Managed by Terraform",
            "id": "skilllink-db-subnet-group",
            "name": "skilllink-db-subnet-group",
            "name_prefix": "",
            "region": "us-east-1",
            "subnet_ids": [
              "subnet-0439b0760b6c94a8c",
              "subnet-072dcb9f2b913802f"
            ],
            "supported_network_types": [
              "IPV4"
            ],
            "tags": {
              "Name": "skilllink-db-subnet-group"
            },
            "tags_all": {
              "Name": "skilllink-db-subnet-group"
            },
            "vpc_id": "vpc-00a606f2fa742d797"
          },
          "sensitive_attributes": [],
          "identity_schema_version": 0,
          "private": "bnVsbA==",
          "dependencies": [
            "aws_subnet.private",
            "aws_subnet.public",
            "aws_vpc.main"
          ]
        }
      ]
    },
    {
      "mode": "managed",
      "type": "aws_eip",
      "name": "nat",
      "provider": "provider[\"registry.terraform.io/hashicorp/aws\"]",
      "instances": [
        {
          "schema_version": 0,
          "attributes": {
            "address": null,
            "allocation_id": "eipalloc-0da9bf47d99a15865",
            "arn": "arn:aws:ec2:us-east-1:463470958920:elastic-ip/eipalloc-0da9bf47d99a15865",
            "associate_with_private_ip": null,
            "association_id": "eipassoc-0856767c85343c979",
            "carrier_ip": "",
            "customer_owned_ip": "",
            "customer_owned_ipv4_pool": "",
            "domain": "vpc",
            "id": "eipalloc-0da9bf47d99a15865",
            "instance": "",
            "ipam_pool_id": null,
            "network_border_group": "us-east-1",
            "network_interface": "eni-009fc1ae83d600867",
            "private_dns": "ip-10-0-1-145.ec2.internal",
            "private_ip": "10.0.1.145",
            "ptr_record": "",
            "public_dns": "ec2-34-206-205-46.compute-1.amazonaws.com",
            "public_ip": "34.206.205.46",
            "public_ipv4_pool": "amazon",
            "region": "us-east-1",
            "tags": {
              "Name": "skilllink-nat-eip"
            },
            "tags_all": {
              "Name": "skilllink-nat-eip"
            },
            "timeouts": null
          },
          "sensitive_attributes": [],
          "identity_schema_version": 0,
          "private": "eyJlMmJmYjczMC1lY2FhLTExZTYtOGY4OC0zNDM2M2JjN2M0YzAiOnsiZGVsZXRlIjoxODAwMDAwMDAwMDAsInJlYWQiOjkwMDAwMDAwMDAwMCwidXBkYXRlIjozMDAwMDAwMDAwMDB9fQ==",
          "dependencies": [
            "aws_internet_gateway.main",
            "aws_vpc.main"
          ]
        }
      ]
    },
    {
      "mode": "managed",
      "type": "aws_iam_instance_profile",
      "name": "ec2_profile",
      "provider": "provider[\"registry.terraform.io/hashicorp/aws\"]",
      "instances": [
        {
          "schema_version": 0,
          "attributes": {
            "arn": "arn:aws:iam::463470958920:instance-profile/skilllink-ec2-profile",
            "create_date": "2025-09-02T05:27:32Z",
            "id": "skilllink-ec2-profile",
            "name": "skilllink-ec2-profile",
            "name_prefix": "",
            "path": "/",
            "role": "skilllink-ec2-role",
            "tags": {},
            "tags_all": {},
            "unique_id": "AIPAWX2IFTFEM2PHJJ63I"
          },
          "sensitive_attributes": [],
          "identity_schema_version": 0,
          "private": "bnVsbA==",
          "dependencies": [
            "aws_iam_role.ec2_role"
          ]
        }
      ]
    },
    {
      "mode": "managed",
      "type": "aws_iam_role",
      "name": "ec2_role",
      "provider": "provider[\"registry.terraform.io/hashicorp/aws\"]",
      "instances": [
        {
          "schema_version": 0,
          "attributes": {
            "arn": "arn:aws:iam::463470958920:role/skilllink-ec2-role",
            "assume_role_policy": "{\"Statement\":[{\"Action\":\"sts:AssumeRole\",\"Effect\":\"Allow\",\"Principal\":{\"Service\":\"ec2.amazonaws.com\"}}],\"Version\":\"2012-10-17\"}",
            "create_date": "2025-09-02T05:27:31Z",
            "description": "",
            "force_detach_policies": false,
            "id": "skilllink-ec2-role",
            "inline_policy": [],
            "managed_policy_arns": [
              "arn:aws:iam::aws:policy/AmazonSSMManagedInstanceCore"
            ],
            "max_session_duration": 3600,
            "name": "skilllink-ec2-role",
            "name_prefix": "",
            "path": "/",
            "permissions_boundary": "",
            "tags": {},
            "tags_all": {},
            "unique_id": "AROAWX2IFTFEACPUCC4LZ"
          },
          "sensitive_attributes": [],
          "identity_schema_version": 0,
          "identity": {
            "account_id": "463470958920",
            "name": "skilllink-ec2-role"
          },
          "private": "bnVsbA=="
        }
      ]
    },
    {
      "mode": "managed",
      "type": "aws_iam_role_policy_attachment",
      "name": "ec2_ssm",
      "provider": "provider[\"registry.terraform.io/hashicorp/aws\"]",
      "instances": [
        {
          "schema_version": 0,
          "attributes": {
            "id": "skilllink-ec2-role/arn:aws:iam::aws:policy/AmazonSSMManagedInstanceCore",
            "policy_arn": "arn:aws:iam::aws:policy/AmazonSSMManagedInstanceCore",
            "role": "skilllink-ec2-role"
          },
          "sensitive_attributes": [],
          "identity_schema_version": 0,
          "identity": {
            "account_id": "463470958920",
            "policy_arn": "arn:aws:iam::aws:policy/AmazonSSMManagedInstanceCore",
            "role": "skilllink-ec2-role"
          },
          "private": "bnVsbA==",
          "dependencies": [
            "aws_iam_role.ec2_role"
          ]
        }
      ]
    },
    {
      "mode": "managed",
      "type": "aws_instance",
      "name": "backend",
      "provider": "provider[\"registry.terraform.io/hashicorp/aws\"]",
      "instances": [
        {
          "schema_version": 2,
          "attributes": {
            "ami": "ami-0fb0b230890ccd1e6",
            "arn": "arn:aws:ec2:us-east-1:463470958920:instance/i-0d24f88660092152d",
            "associate_public_ip_address": true,
            "availability_zone": "us-east-1a",
            "capacity_reservation_specification": [
              {
                "capacity_reservation_preference": "open",
                "capacity_reservation_target": []
              }
            ],
            "cpu_options": [
              {
                "amd_sev_snp": "",
                "core_count": 1,
                "threads_per_core": 2
              }
            ],
            "credit_specification": [
              {
                "cpu_credits": "unlimited"
              }
            ],
            "disable_api_stop": false,
            "disable_api_termination": false,
            "ebs_block_device": [],
            "ebs_optimized": false,
            "enable_primary_ipv6": null,
            "enclave_options": [
              {
                "enabled": false
              }
            ],
            "ephemeral_block_device": [],
            "force_destroy": false,
            "get_password_data": false,
            "hibernation": false,
            "host_id": "",
            "host_resource_group_arn": null,
            "iam_instance_profile": "",
            "id": "i-0d24f88660092152d",
            "instance_initiated_shutdown_behavior": "stop",
            "instance_lifecycle": "",
            "instance_market_options": [],
            "instance_state": "running",
            "instance_type": "t3.micro",
            "ipv6_address_count": 0,
            "ipv6_addresses": [],
            "key_name": "skilllink-keypair-prod",
            "launch_template": [],
            "maintenance_options": [
              {
                "auto_recovery": "default"
              }
            ],
            "metadata_options": [
              {
                "http_endpoint": "enabled",
                "http_protocol_ipv6": "disabled",
                "http_put_response_hop_limit": 1,
                "http_tokens": "optional",
                "instance_metadata_tags": "disabled"
              }
            ],
            "monitoring": false,
            "network_interface": [],
            "outpost_arn": "",
            "password_data": "",
            "placement_group": "",
            "placement_partition_number": 0,
            "primary_network_interface": [
              {
                "delete_on_termination": true,
                "network_interface_id": "eni-06dc03556388e5073"
              }
            ],
            "primary_network_interface_id": "eni-06dc03556388e5073",
            "private_dns": "ip-10-0-1-202.ec2.internal",
            "private_dns_name_options": [
              {
                "enable_resource_name_dns_a_record": false,
                "enable_resource_name_dns_aaaa_record": false,
                "hostname_type": "ip-name"
              }
            ],
            "private_ip": "10.0.1.202",
            "public_dns": "ec2-54-173-67-86.compute-1.amazonaws.com",
            "public_ip": "54.173.67.86",
            "region": "us-east-1",
            "root_block_device": [
              {
                "delete_on_termination": true,
                "device_name": "/dev/sda1",
                "encrypted": false,
                "iops": 100,
                "kms_key_id": "",
                "tags": {},
                "tags_all": {},
                "throughput": 0,
                "volume_id": "vol-0d2f86b16518c51a6",
                "volume_size": 8,
                "volume_type": "gp2"
              }
            ],
            "secondary_private_ips": [],
            "security_groups": [],
            "source_dest_check": true,
            "spot_instance_request_id": "",
            "subnet_id": "subnet-072dcb9f2b913802f",
            "tags": {
              "Name": "skilllink-backend"
            },
            "tags_all": {
              "Name": "skilllink-backend"
            },
            "tenancy": "default",
            "timeouts": null,
            "user_data": "#!/bin/bash\n\n# SkillLink Backend Server Bootstrap Script\n# This script runs when the EC2 instance first boots up\n\nset -e\n\necho \"🚀 Starting SkillLink backend server bootstrap...\"\n\n# Update system packages\necho \"📦 Updating system packages...\"\nsudo apt-get update -y\nsudo apt-get upgrade -y\n\n# Install essential packages\necho \"🔧 Installing essential packages...\"\nsudo apt-get install -y \\\n    build-essential \\\n    curl \\\n    git \\\n    unzip \\\n    software-properties-common \\\n    apt-transport-https \\\n    ca-certificates \\\n    gnupg \\\n    lsb-release\n\n# Install Node.js 18.x\necho \"📱 Installing Node.js 18.x...\"\ncurl -fsSL https://deb.nodesource.com/setup_18.x | sudo -E bash -\nsudo apt-get install -y nodejs\n\n# Verify Node.js installation\necho \"✅ Node.js version: $(node --version)\"\necho \"✅ npm version: $(npm --version)\"\n\n# Install PM2 globally\necho \"⚡ Installing PM2 process manager...\"\nsudo npm install -g pm2\n\n# Create application directory\necho \"📁 Creating application directory...\"\nsudo mkdir -p /var/www/skilllink\nsudo chown ubuntu:ubuntu /var/www/skilllink\n\n# Clone the repository\necho \"📥 Cloning SkillLink repository...\"\ncd /var/www/skilllink\nif [ ! -d \".git\" ]; then\n    git clone https://github.com/WondwossenH9/skilllink.git . || {\n        echo \"⚠️  Repository clone failed, creating directory structure...\"\n        mkdir -p backend\n    }\nfi\n\n# Navigate to backend directory\ncd backend\n\n# Install dependencies\necho \"📦 Installing Node.js dependencies...\"\nnpm ci --production || npm install --production\n\n# Create production environment file\necho \"⚙️  Creating production environment file...\"\ncat \u003e .env \u003c\u003c EOF\nNODE_ENV=production\nPORT=3001\nJWT_SECRET=$(openssl rand -base64 32)\nJWT_EXPIRE=7d\n\n# Database Configuration\nDATABASE_URL=postgresql://skilllink_admin:SkillLinkSecureDB2024!@skilllink-db.ccra4a804f4g.us-east-1.rds.amazonaws.com:5432:5432/skilllink\nDB_SSL=true\n\n# CORS Configuration\nFRONTEND_URL=https://skilllink-aws.cloudfront.net\n\n# Rate Limiting\nRATE_LIMIT_WINDOW_MS=900000\nRATE_LIMIT_MAX_REQUESTS=100\nEOF\n\n# Set proper permissions\nsudo chown -R ubuntu:ubuntu /var/www/skilllink\n\n# Create PM2 ecosystem file\necho \"⚙️  Creating PM2 ecosystem configuration...\"\ncat \u003e ecosystem.config.js \u003c\u003c EOF\nmodule.exports = {\n  apps: [{\n    name: 'skilllink-api',\n    script: 'src/server.js',\n    instances: 1,\n    autorestart: true,\n    watch: false,\n    max_memory_restart: '1G',\n    env: {\n      NODE_ENV: 'production',\n      PORT: 3001\n    },\n    error_file: '/var/log/skilllink/err.log',\n    out_file: '/var/log/skilllink/out.log',\n    log_file: '/var/log/skilllink/combined.log',\n    time: true\n  }]\n};\nEOF\n\n# Create log directory\nsudo mkdir -p /var/log/skilllink\nsudo chown ubuntu:ubuntu /var/log/skilllink\n\n# Start the application with PM2\necho \"🚀 Starting SkillLink API with PM2...\"\npm2 start ecosystem.config.js\n\n# Save PM2 configuration\npm2 save\n\n# Setup PM2 to start on boot\npm2 startup ubuntu\n\n# Create health check endpoint\necho \"🏥 Creating health check endpoint...\"\nif [ ! -f \"src/routes/health.js\" ]; then\n    mkdir -p src/routes\n    cat \u003e src/routes/health.js \u003c\u003c 'HEALTH_EOF'\nconst express = require('express');\nconst router = express.Router();\n\nrouter.get('/health', (req, res) =\u003e {\n    res.status(200).json({\n        status: 'OK',\n        timestamp: new Date().toISOString(),\n        uptime: process.uptime(),\n        environment: process.env.NODE_ENV,\n        version: process.version\n    });\n});\n\nmodule.exports = router;\nHEALTH_EOF\nfi\n\n# Install and configure Nginx\necho \"🌐 Installing and configuring Nginx...\"\nsudo apt-get install -y nginx\n\n# Create Nginx configuration\necho \"⚙️  Creating Nginx configuration...\"\nsudo tee /etc/nginx/sites-available/skilllink \u003c\u003c 'NGINX_EOF'\nserver {\n    listen 80;\n    server_name _;\n\n    # Health check endpoint\n    location /health {\n        proxy_pass http://localhost:3001;\n        proxy_http_version 1.1;\n        proxy_set_header Upgrade $http_upgrade;\n        proxy_set_header Connection 'upgrade';\n        proxy_set_header Host $host;\n        proxy_set_header X-Real-IP $remote_addr;\n        proxy_set_header X-Forwarded-For $proxy_add_x_forwarded_for;\n        proxy_set_header X-Forwarded-Proto $scheme;\n        proxy_cache_bypass $http_upgrade;\n    }\n\n    # API endpoints\n    location /api {\n        proxy_pass http://localhost:3001;\n        proxy_http_version 1.1;\n        proxy_set_header Upgrade $http_upgrade;\n        proxy_set_header Connection 'upgrade';\n        proxy_set_header Host $host;\n        proxy_set_header X-Real-IP $remote_addr;\n        proxy_set_header X-Forwarded-For $proxy_add_x_forwarded_for;\n        proxy_set_header X-Forwarded-Proto $scheme;\n        proxy_cache_bypass $http_upgrade;\n    }\n\n    # Default location\n    location / {\n        return 404;\n    }\n}\nNGINX_EOF\n\n# Enable the site\nsudo ln -sf /etc/nginx/sites-available/skilllink /etc/nginx/sites-enabled/\nsudo rm -f /etc/nginx/sites-enabled/default\n\n# Test Nginx configuration\nsudo nginx -t\n\n# Restart Nginx\nsudo systemctl restart nginx\nsudo systemctl enable nginx\n\n# Create a simple status page\necho \"📊 Creating status page...\"\nsudo tee /var/www/html/status.html \u003c\u003c 'STATUS_EOF'\n\u003c!DOCTYPE html\u003e\n\u003chtml\u003e\n\u003chead\u003e\n    \u003ctitle\u003eSkillLink Backend Status\u003c/title\u003e\n    \u003cstyle\u003e\n        body { font-family: Arial, sans-serif; margin: 40px; }\n        .status { padding: 20px; border-radius: 5px; margin: 10px 0; }\n        .ok { background-color: #d4edda; color: #155724; border: 1px solid #c3e6cb; }\n        .error { background-color: #f8d7da; color: #721c24; border: 1px solid #f5c6cb; }\n        .info { background-color: #d1ecf1; color: #0c5460; border: 1px solid #bee5eb; }\n    \u003c/style\u003e\n\u003c/head\u003e\n\u003cbody\u003e\n    \u003ch1\u003eSkillLink Backend Server Status\u003c/h1\u003e\n    \u003cdiv class=\"status info\"\u003e\n        \u003ch3\u003eServer Information\u003c/h3\u003e\n        \u003cp\u003e\u003cstrong\u003eInstance ID:\u003c/strong\u003e \u003cspan id=\"instance-id\"\u003eLoading...\u003c/span\u003e\u003c/p\u003e\n        \u003cp\u003e\u003cstrong\u003eRegion:\u003c/strong\u003e \u003cspan id=\"region\"\u003eLoading...\u003c/span\u003e\u003c/p\u003e\n        \u003cp\u003e\u003cstrong\u003eUptime:\u003c/strong\u003e \u003cspan id=\"uptime\"\u003eLoading...\u003c/span\u003e\u003c/p\u003e\n    \u003c/div\u003e\n    \u003cdiv class=\"status info\"\u003e\n        \u003ch3\u003eApplication Status\u003c/h3\u003e\n        \u003cp\u003e\u003cstrong\u003eAPI Health:\u003c/strong\u003e \u003cspan id=\"api-health\"\u003eChecking...\u003c/span\u003e\u003c/p\u003e\n        \u003cp\u003e\u003cstrong\u003eDatabase:\u003c/strong\u003e \u003cspan id=\"db-status\"\u003eChecking...\u003c/span\u003e\u003c/p\u003e\n    \u003c/div\u003e\n    \u003cdiv class=\"status info\"\u003e\n        \u003ch3\u003eQuick Links\u003c/h3\u003e\n        \u003cp\u003e\u003ca href=\"/health\" target=\"_blank\"\u003eHealth Check Endpoint\u003c/a\u003e\u003c/p\u003e\n        \u003cp\u003e\u003ca href=\"/api\" target=\"_blank\"\u003eAPI Root\u003c/a\u003e\u003c/p\u003e\n    \u003c/div\u003e\n    \u003cscript\u003e\n        // Fetch instance metadata\n        fetch('http://169.254.169.254/latest/meta-data/instance-id')\n            .then(response =\u003e response.text())\n            .then(data =\u003e document.getElementById('instance-id').textContent = data)\n            .catch(() =\u003e document.getElementById('instance-id').textContent = 'Not available');\n        \n        fetch('http://169.254.169.254/latest/meta-data/placement/region')\n            .then(response =\u003e response.text())\n            .then(data =\u003e document.getElementById('region').textContent = data)\n            .catch(() =\u003e document.getElementById('region').textContent = 'Not available');\n        \n        // Check API health\n        fetch('/health')\n            .then(response =\u003e response.json())\n            .then(data =\u003e {\n                document.getElementById('api-health').textContent = 'Healthy';\n                document.getElementById('uptime').textContent = Math.floor(data.uptime / 3600) + ' hours';\n            })\n            .catch(() =\u003e document.getElementById('api-health').textContent = 'Unhealthy');\n    \u003c/script\u003e\n\u003c/body\u003e\n\u003c/html\u003e\nSTATUS_EOF\n\n# Set up log rotation\necho \"📝 Setting up log rotation...\"\nsudo tee /etc/logrotate.d/skilllink \u003c\u003c 'LOGROTATE_EOF'\n/var/log/skilllink/*.log {\n    daily\n    missingok\n    rotate 7\n    compress\n    delaycompress\n    notifempty\n    create 644 ubuntu ubuntu\n    postrotate\n        pm2 reloadLogs\n    endscript\n}\nLOGROTATE_EOF\n\n# Create a simple monitoring script\necho \"📊 Creating monitoring script...\"\ncat \u003e /home/ubuntu/monitor.sh \u003c\u003c 'MONITOR_EOF'\n#!/bin/bash\necho \"=== SkillLink Backend Status ===\"\necho \"Date: $(date)\"\necho \"Uptime: $(uptime)\"\necho \"Memory: $(free -h | grep Mem | awk '{print $3\"/\"$2}')\"\necho \"Disk: $(df -h / | tail -1 | awk '{print $5}') used\"\necho \"PM2 Status:\"\npm2 status\necho \"Nginx Status:\"\nsudo systemctl status nginx --no-pager -l\necho \"========================\"\nMONITOR_EOF\n\nchmod +x /home/ubuntu/monitor.sh\n\n# Final status\necho \"✅ SkillLink backend server bootstrap completed!\"\necho \"🌐 Server is running on port 3001\"\necho \"🔗 Health check: http://$(curl -s http://169.254.169.254/latest/meta-data/public-ipv4)/health\"\necho \"📊 Status page: http://$(curl -s http://169.254.169.254/latest/meta-data/public-ipv4)/status.html\"\necho \"📝 Logs: /var/log/skilllink/\"\necho \"⚡ PM2: pm2 status\"\necho \"🔧 Monitor: ./monitor.sh\"\n\n# Wait a moment for services to start\nsleep 5\n\n# Verify everything is running\necho \"🔍 Verifying services...\"\npm2 status\nsudo systemctl status nginx --no-pager -l\n\necho \"🎉 Bootstrap script completed successfully!\"\n",
            "user_data_base64": null,
            "user_data_replace_on_change": false,
            "volume_tags": null,
            "vpc_security_group_ids": [
              "sg-048e5d7f19e899edd"
            ]
          },
          "sensitive_attributes": [
            [
              {
                "type": "get_attr",
                "value": "user_data"
              }
            ]
          ],
          "identity_schema_version": 0,
          "private": "eyJlMmJmYjczMC1lY2FhLTExZTYtOGY4OC0zNDM2M2JjN2M0YzAiOnsiY3JlYXRlIjo2MDAwMDAwMDAwMDAsImRlbGV0ZSI6MTIwMDAwMDAwMDAwMCwicmVhZCI6OTAwMDAwMDAwMDAwLCJ1cGRhdGUiOjYwMDAwMDAwMDAwMH0sInNjaGVtYV92ZXJzaW9uIjoiMiJ9",
          "dependencies": [
            "aws_db_instance.main",
            "aws_db_subnet_group.main",
            "aws_security_group.alb",
            "aws_security_group.ec2",
            "aws_security_group.rds",
            "aws_subnet.private",
            "aws_subnet.public",
            "aws_vpc.main",
            "data.aws_ami.ubuntu"
          ]
        }
      ]
    },
    {
      "mode": "managed",
      "type": "aws_internet_gateway",
      "name": "main",
      "provider": "provider[\"registry.terraform.io/hashicorp/aws\"]",
      "instances": [
        {
          "schema_version": 0,
          "attributes": {
            "arn": "arn:aws:ec2:us-east-1:463470958920:internet-gateway/igw-0423f1bfa77bb0455",
            "id": "igw-0423f1bfa77bb0455",
            "owner_id": "463470958920",
            "region": "us-east-1",
            "tags": {
              "Name": "skilllink-igw"
            },
            "tags_all": {
              "Name": "skilllink-igw"
            },
            "timeouts": null,
            "vpc_id": "vpc-00a606f2fa742d797"
          },
          "sensitive_attributes": [],
          "identity_schema_version": 0,
          "private": "eyJlMmJmYjczMC1lY2FhLTExZTYtOGY4OC0zNDM2M2JjN2M0YzAiOnsiY3JlYXRlIjoxMjAwMDAwMDAwMDAwLCJkZWxldGUiOjEyMDAwMDAwMDAwMDAsInVwZGF0ZSI6MTIwMDAwMDAwMDAwMH19",
          "dependencies": [
            "aws_vpc.main"
          ]
        }
      ]
    },
    {
      "mode": "managed",
      "type": "aws_lb",
      "name": "main",
      "provider": "provider[\"registry.terraform.io/hashicorp/aws\"]",
      "instances": [
        {
          "schema_version": 0,
          "attributes": {
            "access_logs": [
              {
                "bucket": "",
                "enabled": false,
                "prefix": ""
              }
            ],
            "arn": "arn:aws:elasticloadbalancing:us-east-1:463470958920:loadbalancer/app/skilllink-alb/2f4ca1cc056f1331",
            "arn_suffix": "app/skilllink-alb/2f4ca1cc056f1331",
            "client_keep_alive": 3600,
            "connection_logs": [
              {
                "bucket": "",
                "enabled": false,
                "prefix": ""
              }
            ],
            "customer_owned_ipv4_pool": "",
            "desync_mitigation_mode": "defensive",
            "dns_name": "skilllink-alb-1117760402.us-east-1.elb.amazonaws.com",
            "dns_record_client_routing_policy": null,
            "drop_invalid_header_fields": false,
            "enable_cross_zone_load_balancing": true,
            "enable_deletion_protection": false,
            "enable_http2": true,
            "enable_tls_version_and_cipher_suite_headers": false,
            "enable_waf_fail_open": false,
            "enable_xff_client_port": false,
            "enable_zonal_shift": false,
            "enforce_security_group_inbound_rules_on_private_link_traffic": "",
            "id": "arn:aws:elasticloadbalancing:us-east-1:463470958920:loadbalancer/app/skilllink-alb/2f4ca1cc056f1331",
            "idle_timeout": 60,
            "internal": false,
            "ip_address_type": "ipv4",
            "ipam_pools": [],
            "load_balancer_type": "application",
            "minimum_load_balancer_capacity": [],
            "name": "skilllink-alb",
            "name_prefix": "",
            "preserve_host_header": false,
            "region": "us-east-1",
            "secondary_ips_auto_assigned_per_subnet": null,
            "security_groups": [
              "sg-044f8a1d83a4ea54b"
            ],
            "subnet_mapping": [
              {
                "allocation_id": "",
                "ipv6_address": "",
                "outpost_id": "",
                "private_ipv4_address": "",
                "subnet_id": "subnet-0439b0760b6c94a8c"
              },
              {
                "allocation_id": "",
                "ipv6_address": "",
                "outpost_id": "",
                "private_ipv4_address": "",
                "subnet_id": "subnet-072dcb9f2b913802f"
              }
            ],
            "subnets": [
              "subnet-0439b0760b6c94a8c",
              "subnet-072dcb9f2b913802f"
            ],
            "tags": {
              "Name": "skilllink-alb"
            },
            "tags_all": {
              "Name": "skilllink-alb"
            },
            "timeouts": null,
            "vpc_id": "vpc-00a606f2fa742d797",
            "xff_header_processing_mode": "append",
            "zone_id": "Z35SXDOTRQ7X7K"
          },
          "sensitive_attributes": [],
          "identity_schema_version": 0,
          "identity": {
            "arn": "arn:aws:elasticloadbalancing:us-east-1:463470958920:loadbalancer/app/skilllink-alb/2f4ca1cc056f1331"
          },
          "private": "eyJlMmJmYjczMC1lY2FhLTExZTYtOGY4OC0zNDM2M2JjN2M0YzAiOnsiY3JlYXRlIjo2MDAwMDAwMDAwMDAsImRlbGV0ZSI6NjAwMDAwMDAwMDAwLCJ1cGRhdGUiOjYwMDAwMDAwMDAwMH19",
          "dependencies": [
            "aws_security_group.alb",
            "aws_subnet.private",
            "aws_subnet.public",
            "aws_vpc.main"
          ]
        }
      ]
    },
    {
      "mode": "managed",
      "type": "aws_lb_listener",
      "name": "http",
      "provider": "provider[\"registry.terraform.io/hashicorp/aws\"]",
      "instances": [
        {
          "schema_version": 0,
          "attributes": {
            "alpn_policy": null,
            "arn": "arn:aws:elasticloadbalancing:us-east-1:463470958920:listener/app/skilllink-alb/2f4ca1cc056f1331/5fe5ffe97ef587b0",
            "certificate_arn": null,
            "default_action": [
              {
                "authenticate_cognito": [],
                "authenticate_oidc": [],
                "fixed_response": [],
                "forward": [],
                "order": 1,
                "redirect": [],
                "target_group_arn": "arn:aws:elasticloadbalancing:us-east-1:463470958920:targetgroup/skilllink-backend-tg/dcc78e6a26fb1c1e",
                "type": "forward"
              }
            ],
            "id": "arn:aws:elasticloadbalancing:us-east-1:463470958920:listener/app/skilllink-alb/2f4ca1cc056f1331/5fe5ffe97ef587b0",
            "load_balancer_arn": "arn:aws:elasticloadbalancing:us-east-1:463470958920:loadbalancer/app/skilllink-alb/2f4ca1cc056f1331",
            "mutual_authentication": [],
            "port": 80,
            "protocol": "HTTP",
            "region": "us-east-1",
            "routing_http_request_x_amzn_mtls_clientcert_header_name": null,
            "routing_http_request_x_amzn_mtls_clientcert_issuer_header_name": null,
            "routing_http_request_x_amzn_mtls_clientcert_leaf_header_name": null,
            "routing_http_request_x_amzn_mtls_clientcert_serial_number_header_name": null,
            "routing_http_request_x_amzn_mtls_clientcert_subject_header_name": null,
            "routing_http_request_x_amzn_mtls_clientcert_validity_header_name": null,
            "routing_http_request_x_amzn_tls_cipher_suite_header_name": null,
            "routing_http_request_x_amzn_tls_version_header_name": null,
            "routing_http_response_access_control_allow_credentials_header_value": "",
            "routing_http_response_access_control_allow_headers_header_value": "",
            "routing_http_response_access_control_allow_methods_header_value": "",
            "routing_http_response_access_control_allow_origin_header_value": "",
            "routing_http_response_access_control_expose_headers_header_value": "",
            "routing_http_response_access_control_max_age_header_value": "",
            "routing_http_response_content_security_policy_header_value": "",
            "routing_http_response_server_enabled": true,
            "routing_http_response_strict_transport_security_header_value": "",
            "routing_http_response_x_content_type_options_header_value": "",
            "routing_http_response_x_frame_options_header_value": "",
            "ssl_policy": "",
            "tags": {},
            "tags_all": {},
            "tcp_idle_timeout_seconds": null,
            "timeouts": null
          },
          "sensitive_attributes": [],
          "identity_schema_version": 0,
          "identity": {
            "arn": "arn:aws:elasticloadbalancing:us-east-1:463470958920:listener/app/skilllink-alb/2f4ca1cc056f1331/5fe5ffe97ef587b0"
          },
          "private": "eyJlMmJmYjczMC1lY2FhLTExZTYtOGY4OC0zNDM2M2JjN2M0YzAiOnsiY3JlYXRlIjozMDAwMDAwMDAwMDAsInVwZGF0ZSI6MzAwMDAwMDAwMDAwfX0=",
          "dependencies": [
            "aws_lb.main",
            "aws_lb_target_group.backend",
            "aws_security_group.alb",
            "aws_subnet.private",
            "aws_subnet.public",
            "aws_vpc.main"
          ]
        }
      ]
    },
    {
      "mode": "managed",
      "type": "aws_lb_target_group",
      "name": "backend",
      "provider": "provider[\"registry.terraform.io/hashicorp/aws\"]",
      "instances": [
        {
          "schema_version": 0,
          "attributes": {
            "arn": "arn:aws:elasticloadbalancing:us-east-1:463470958920:targetgroup/skilllink-backend-tg/dcc78e6a26fb1c1e",
            "arn_suffix": "targetgroup/skilllink-backend-tg/dcc78e6a26fb1c1e",
            "connection_termination": null,
            "deregistration_delay": "300",
            "health_check": [
              {
                "enabled": true,
                "healthy_threshold": 2,
                "interval": 30,
                "matcher": "200",
                "path": "/api/health",
                "port": "traffic-port",
                "protocol": "HTTP",
                "timeout": 5,
                "unhealthy_threshold": 2
              }
            ],
            "id": "arn:aws:elasticloadbalancing:us-east-1:463470958920:targetgroup/skilllink-backend-tg/dcc78e6a26fb1c1e",
            "ip_address_type": "ipv4",
            "lambda_multi_value_headers_enabled": false,
            "load_balancer_arns": [
              "arn:aws:elasticloadbalancing:us-east-1:463470958920:loadbalancer/app/skilllink-alb/2f4ca1cc056f1331"
            ],
            "load_balancing_algorithm_type": "round_robin",
            "load_balancing_anomaly_mitigation": "off",
            "load_balancing_cross_zone_enabled": "use_load_balancer_configuration",
            "name": "skilllink-backend-tg",
            "name_prefix": "",
            "port": 3001,
            "preserve_client_ip": null,
            "protocol": "HTTP",
            "protocol_version": "HTTP1",
            "proxy_protocol_v2": false,
            "region": "us-east-1",
            "slow_start": 0,
            "stickiness": [
              {
                "cookie_duration": 86400,
                "cookie_name": "",
                "enabled": false,
                "type": "lb_cookie"
              }
            ],
            "tags": {
              "Name": "skilllink-backend-tg"
            },
            "tags_all": {
              "Name": "skilllink-backend-tg"
            },
            "target_failover": [
              {
                "on_deregistration": null,
                "on_unhealthy": null
              }
            ],
            "target_group_health": [
              {
                "dns_failover": [
                  {
                    "minimum_healthy_targets_count": "1",
                    "minimum_healthy_targets_percentage": "off"
                  }
                ],
                "unhealthy_state_routing": [
                  {
                    "minimum_healthy_targets_count": 1,
                    "minimum_healthy_targets_percentage": "off"
                  }
                ]
              }
            ],
            "target_health_state": [
              {
                "enable_unhealthy_connection_termination": null,
                "unhealthy_draining_interval": null
              }
            ],
            "target_type": "instance",
            "vpc_id": "vpc-00a606f2fa742d797"
          },
          "sensitive_attributes": [],
          "identity_schema_version": 0,
          "identity": {
            "arn": "arn:aws:elasticloadbalancing:us-east-1:463470958920:targetgroup/skilllink-backend-tg/dcc78e6a26fb1c1e"
          },
          "private": "bnVsbA==",
          "dependencies": [
            "aws_vpc.main"
          ]
        }
      ]
    },
    {
      "mode": "managed",
      "type": "aws_lb_target_group_attachment",
      "name": "backend",
      "provider": "provider[\"registry.terraform.io/hashicorp/aws\"]",
      "instances": [
        {
          "schema_version": 0,
          "attributes": {
            "availability_zone": null,
            "id": "arn:aws:elasticloadbalancing:us-east-1:463470958920:targetgroup/skilllink-backend-tg/dcc78e6a26fb1c1e-20250902070513080400000002",
            "port": 3001,
            "region": "us-east-1",
            "target_group_arn": "arn:aws:elasticloadbalancing:us-east-1:463470958920:targetgroup/skilllink-backend-tg/dcc78e6a26fb1c1e",
            "target_id": "i-0d24f88660092152d"
          },
          "sensitive_attributes": [],
          "identity_schema_version": 0,
          "private": "bnVsbA==",
          "dependencies": [
            "aws_db_instance.main",
            "aws_db_subnet_group.main",
            "aws_instance.backend",
            "aws_lb_target_group.backend",
            "aws_security_group.alb",
            "aws_security_group.ec2",
            "aws_security_group.rds",
            "aws_subnet.private",
            "aws_subnet.public",
            "aws_vpc.main",
            "data.aws_ami.ubuntu"
          ]
        }
      ]
    },
    {
      "mode": "managed",
      "type": "aws_nat_gateway",
      "name": "main",
      "provider": "provider[\"registry.terraform.io/hashicorp/aws\"]",
      "instances": [
        {
          "schema_version": 0,
          "attributes": {
            "allocation_id": "eipalloc-0da9bf47d99a15865",
            "association_id": "eipassoc-0856767c85343c979",
            "connectivity_type": "public",
            "id": "nat-02ec3d26222c000ed",
            "network_interface_id": "eni-009fc1ae83d600867",
            "private_ip": "10.0.1.145",
            "public_ip": "34.206.205.46",
            "region": "us-east-1",
            "secondary_allocation_ids": [],
            "secondary_private_ip_address_count": 0,
            "secondary_private_ip_addresses": [],
            "subnet_id": "subnet-072dcb9f2b913802f",
            "tags": {
              "Name": "skilllink-nat-gateway"
            },
            "tags_all": {
              "Name": "skilllink-nat-gateway"
            },
            "timeouts": null
          },
          "sensitive_attributes": [],
          "identity_schema_version": 0,
          "private": "eyJlMmJmYjczMC1lY2FhLTExZTYtOGY4OC0zNDM2M2JjN2M0YzAiOnsiY3JlYXRlIjo2MDAwMDAwMDAwMDAsImRlbGV0ZSI6MTgwMDAwMDAwMDAwMCwidXBkYXRlIjo2MDAwMDAwMDAwMDB9fQ==",
          "dependencies": [
            "aws_eip.nat",
            "aws_internet_gateway.main",
            "aws_subnet.public",
            "aws_vpc.main"
          ]
        }
      ]
    },
    {
      "mode": "managed",
      "type": "aws_route_table",
      "name": "private",
      "provider": "provider[\"registry.terraform.io/hashicorp/aws\"]",
      "instances": [
        {
          "schema_version": 0,
          "attributes": {
            "arn": "arn:aws:ec2:us-east-1:463470958920:route-table/rtb-0ceffda7d586458ce",
            "id": "rtb-0ceffda7d586458ce",
            "owner_id": "463470958920",
            "propagating_vgws": [],
            "region": "us-east-1",
            "route": [
              {
                "carrier_gateway_id": "",
                "cidr_block": "0.0.0.0/0",
                "core_network_arn": "",
                "destination_prefix_list_id": "",
                "egress_only_gateway_id": "",
                "gateway_id": "",
                "ipv6_cidr_block": "",
                "local_gateway_id": "",
                "nat_gateway_id": "nat-02ec3d26222c000ed",
                "network_interface_id": "",
                "transit_gateway_id": "",
                "vpc_endpoint_id": "",
                "vpc_peering_connection_id": ""
              }
            ],
            "tags": {
              "Name": "skilllink-private-rt"
            },
            "tags_all": {
              "Name": "skilllink-private-rt"
            },
            "timeouts": null,
            "vpc_id": "vpc-00a606f2fa742d797"
          },
          "sensitive_attributes": [],
          "identity_schema_version": 0,
          "identity": {
            "account_id": "463470958920",
            "id": "rtb-0ceffda7d586458ce",
            "region": "us-east-1"
          },
          "private": "eyJlMmJmYjczMC1lY2FhLTExZTYtOGY4OC0zNDM2M2JjN2M0YzAiOnsiY3JlYXRlIjozMDAwMDAwMDAwMDAsImRlbGV0ZSI6MzAwMDAwMDAwMDAwLCJ1cGRhdGUiOjEyMDAwMDAwMDAwMH19",
          "dependencies": [
            "aws_eip.nat",
            "aws_internet_gateway.main",
            "aws_nat_gateway.main",
            "aws_subnet.public",
            "aws_vpc.main"
          ]
        }
      ]
    },
    {
      "mode": "managed",
      "type": "aws_route_table",
      "name": "public",
      "provider": "provider[\"registry.terraform.io/hashicorp/aws\"]",
      "instances": [
        {
          "schema_version": 0,
          "attributes": {
            "arn": "arn:aws:ec2:us-east-1:463470958920:route-table/rtb-08117a3fb7e297e58",
            "id": "rtb-08117a3fb7e297e58",
            "owner_id": "463470958920",
            "propagating_vgws": [],
            "region": "us-east-1",
            "route": [
              {
                "carrier_gateway_id": "",
                "cidr_block": "0.0.0.0/0",
                "core_network_arn": "",
                "destination_prefix_list_id": "",
                "egress_only_gateway_id": "",
                "gateway_id": "igw-0423f1bfa77bb0455",
                "ipv6_cidr_block": "",
                "local_gateway_id": "",
                "nat_gateway_id": "",
                "network_interface_id": "",
                "transit_gateway_id": "",
                "vpc_endpoint_id": "",
                "vpc_peering_connection_id": ""
              }
            ],
            "tags": {
              "Name": "skilllink-public-rt"
            },
            "tags_all": {
              "Name": "skilllink-public-rt"
            },
            "timeouts": null,
            "vpc_id": "vpc-00a606f2fa742d797"
          },
          "sensitive_attributes": [],
          "identity_schema_version": 0,
          "identity": {
            "account_id": "463470958920",
            "id": "rtb-08117a3fb7e297e58",
            "region": "us-east-1"
          },
          "private": "eyJlMmJmYjczMC1lY2FhLTExZTYtOGY4OC0zNDM2M2JjN2M0YzAiOnsiY3JlYXRlIjozMDAwMDAwMDAwMDAsImRlbGV0ZSI6MzAwMDAwMDAwMDAwLCJ1cGRhdGUiOjEyMDAwMDAwMDAwMH19",
          "dependencies": [
            "aws_internet_gateway.main",
            "aws_vpc.main"
          ]
        }
      ]
    },
    {
      "mode": "managed",
      "type": "aws_route_table_association",
      "name": "private",
      "provider": "provider[\"registry.terraform.io/hashicorp/aws\"]",
      "instances": [
        {
          "schema_version": 0,
          "attributes": {
            "gateway_id": "",
            "id": "rtbassoc-0556ad0c4d132bd55",
            "region": "us-east-1",
            "route_table_id": "rtb-0ceffda7d586458ce",
            "subnet_id": "subnet-0439b0760b6c94a8c",
            "timeouts": null
          },
          "sensitive_attributes": [],
          "identity_schema_version": 0,
          "private": "eyJlMmJmYjczMC1lY2FhLTExZTYtOGY4OC0zNDM2M2JjN2M0YzAiOnsiY3JlYXRlIjozMDAwMDAwMDAwMDAsImRlbGV0ZSI6MzAwMDAwMDAwMDAwLCJ1cGRhdGUiOjEyMDAwMDAwMDAwMH19",
          "dependencies": [
            "aws_eip.nat",
            "aws_internet_gateway.main",
            "aws_nat_gateway.main",
            "aws_route_table.private",
            "aws_subnet.private",
            "aws_subnet.public",
            "aws_vpc.main"
          ]
        }
      ]
    },
    {
      "mode": "managed",
      "type": "aws_route_table_association",
      "name": "public",
      "provider": "provider[\"registry.terraform.io/hashicorp/aws\"]",
      "instances": [
        {
          "schema_version": 0,
          "attributes": {
            "gateway_id": "",
            "id": "rtbassoc-06b3068206741cd5c",
            "region": "us-east-1",
            "route_table_id": "rtb-08117a3fb7e297e58",
            "subnet_id": "subnet-072dcb9f2b913802f",
            "timeouts": null
          },
          "sensitive_attributes": [],
          "identity_schema_version": 0,
          "private": "eyJlMmJmYjczMC1lY2FhLTExZTYtOGY4OC0zNDM2M2JjN2M0YzAiOnsiY3JlYXRlIjozMDAwMDAwMDAwMDAsImRlbGV0ZSI6MzAwMDAwMDAwMDAwLCJ1cGRhdGUiOjEyMDAwMDAwMDAwMH19",
          "dependencies": [
            "aws_internet_gateway.main",
            "aws_route_table.public",
            "aws_subnet.public",
            "aws_vpc.main"
          ]
        }
      ]
    },
    {
      "mode": "managed",
      "type": "aws_s3_bucket",
      "name": "frontend",
      "provider": "provider[\"registry.terraform.io/hashicorp/aws\"]",
      "instances": [
        {
          "schema_version": 0,
          "attributes": {
            "acceleration_status": "",
            "acl": null,
            "arn": "arn:aws:s3:::skilllink-frontend-370cd233",
            "bucket": "skilllink-frontend-370cd233",
            "bucket_domain_name": "skilllink-frontend-370cd233.s3.amazonaws.com",
            "bucket_prefix": "",
            "bucket_region": "us-east-1",
            "bucket_regional_domain_name": "skilllink-frontend-370cd233.s3.us-east-1.amazonaws.com",
            "cors_rule": [],
            "force_destroy": false,
            "grant": [
              {
                "id": "0d38d35fd413310631e7e346abcb8844e1feb1dcb39959195376ab1d7c8aaecf",
                "permissions": [
                  "FULL_CONTROL"
                ],
                "type": "CanonicalUser",
                "uri": ""
              }
            ],
            "hosted_zone_id": "Z3AQBSTGFYJSTF",
            "id": "skilllink-frontend-370cd233",
            "lifecycle_rule": [],
            "logging": [],
            "object_lock_configuration": [],
            "object_lock_enabled": false,
            "policy": "{\"Statement\":[{\"Action\":\"s3:GetObject\",\"Effect\":\"Allow\",\"Principal\":\"*\",\"Resource\":\"arn:aws:s3:::skilllink-frontend-370cd233/*\",\"Sid\":\"PublicReadGetObject\"}],\"Version\":\"2012-10-17\"}",
            "region": "us-east-1",
            "replication_configuration": [],
            "request_payer": "BucketOwner",
            "server_side_encryption_configuration": [
              {
                "rule": [
                  {
                    "apply_server_side_encryption_by_default": [
                      {
                        "kms_master_key_id": "",
                        "sse_algorithm": "AES256"
                      }
                    ],
                    "bucket_key_enabled": false
                  }
                ]
              }
            ],
            "tags": {
              "Name": "skilllink-frontend-bucket"
            },
            "tags_all": {
              "Name": "skilllink-frontend-bucket"
            },
            "timeouts": null,
            "versioning": [
              {
                "enabled": false,
                "mfa_delete": false
              }
            ],
            "website": [
              {
                "error_document": "index.html",
                "index_document": "index.html",
                "redirect_all_requests_to": "",
                "routing_rules": ""
              }
            ],
            "website_domain": "s3-website-us-east-1.amazonaws.com",
            "website_endpoint": "skilllink-frontend-370cd233.s3-website-us-east-1.amazonaws.com"
          },
          "sensitive_attributes": [],
          "identity_schema_version": 0,
          "identity": {
            "account_id": "463470958920",
            "bucket": "skilllink-frontend-370cd233",
            "region": "us-east-1"
          },
          "private": "eyJlMmJmYjczMC1lY2FhLTExZTYtOGY4OC0zNDM2M2JjN2M0YzAiOnsiY3JlYXRlIjoxMjAwMDAwMDAwMDAwLCJkZWxldGUiOjM2MDAwMDAwMDAwMDAsInJlYWQiOjEyMDAwMDAwMDAwMDAsInVwZGF0ZSI6MTIwMDAwMDAwMDAwMH19",
          "dependencies": [
            "random_id.bucket_suffix"
          ]
        }
      ]
    },
    {
      "mode": "managed",
      "type": "aws_s3_bucket_policy",
      "name": "frontend",
      "provider": "provider[\"registry.terraform.io/hashicorp/aws\"]",
      "instances": [
        {
          "schema_version": 0,
          "attributes": {
            "bucket": "skilllink-frontend-370cd233",
            "id": "skilllink-frontend-370cd233",
            "policy": "{\"Statement\":[{\"Action\":\"s3:GetObject\",\"Effect\":\"Allow\",\"Principal\":\"*\",\"Resource\":\"arn:aws:s3:::skilllink-frontend-370cd233/*\",\"Sid\":\"PublicReadGetObject\"}],\"Version\":\"2012-10-17\"}",
            "region": "us-east-1"
          },
          "sensitive_attributes": [],
          "identity_schema_version": 0,
          "identity": {
            "account_id": "463470958920",
            "bucket": "skilllink-frontend-370cd233",
            "region": "us-east-1"
          },
          "private": "bnVsbA==",
          "dependencies": [
            "aws_s3_bucket.frontend",
            "random_id.bucket_suffix"
          ]
        }
      ]
    },
    {
      "mode": "managed",
      "type": "aws_s3_bucket_public_access_block",
      "name": "frontend",
      "provider": "provider[\"registry.terraform.io/hashicorp/aws\"]",
      "instances": [
        {
          "schema_version": 0,
          "attributes": {
            "block_public_acls": false,
            "block_public_policy": false,
            "bucket": "skilllink-frontend-370cd233",
            "id": "skilllink-frontend-370cd233",
            "ignore_public_acls": false,
            "region": "us-east-1",
            "restrict_public_buckets": false,
            "skip_destroy": null
          },
          "sensitive_attributes": [],
          "identity_schema_version": 0,
          "identity": {
            "account_id": "463470958920",
            "bucket": "skilllink-frontend-370cd233",
            "region": "us-east-1"
          },
          "private": "bnVsbA==",
          "dependencies": [
            "aws_s3_bucket.frontend",
            "random_id.bucket_suffix"
          ]
        }
      ]
    },
    {
      "mode": "managed",
      "type": "aws_s3_bucket_website_configuration",
      "name": "frontend",
      "provider": "provider[\"registry.terraform.io/hashicorp/aws\"]",
      "instances": [
        {
          "schema_version": 0,
          "attributes": {
            "bucket": "skilllink-frontend-370cd233",
            "error_document": [
              {
                "key": "index.html"
              }
            ],
            "expected_bucket_owner": "",
            "id": "skilllink-frontend-370cd233",
            "index_document": [
              {
                "suffix": "index.html"
              }
            ],
            "redirect_all_requests_to": [],
            "region": "us-east-1",
            "routing_rule": [],
            "routing_rules": "",
            "website_domain": "s3-website-us-east-1.amazonaws.com",
            "website_endpoint": "skilllink-frontend-370cd233.s3-website-us-east-1.amazonaws.com"
          },
          "sensitive_attributes": [],
          "identity_schema_version": 0,
          "identity": {
            "account_id": "463470958920",
            "bucket": "skilllink-frontend-370cd233",
            "expected_bucket_owner": null,
            "region": "us-east-1"
          },
          "private": "bnVsbA==",
          "dependencies": [
            "aws_s3_bucket.frontend",
            "random_id.bucket_suffix"
          ]
        }
      ]
    },
    {
      "mode": "managed",
      "type": "aws_security_group",
      "name": "alb",
      "provider": "provider[\"registry.terraform.io/hashicorp/aws\"]",
      "instances": [
        {
          "schema_version": 1,
          "attributes": {
            "arn": "arn:aws:ec2:us-east-1:463470958920:security-group/sg-044f8a1d83a4ea54b",
            "description": "Security group for Application Load Balancer",
            "egress": [
              {
                "cidr_blocks": [
                  "0.0.0.0/0"
                ],
                "description": "",
                "from_port": 0,
                "ipv6_cidr_blocks": [],
                "prefix_list_ids": [],
                "protocol": "-1",
                "security_groups": [],
                "self": false,
                "to_port": 0
              }
            ],
            "id": "sg-044f8a1d83a4ea54b",
            "ingress": [
              {
                "cidr_blocks": [
                  "0.0.0.0/0"
                ],
                "description": "",
                "from_port": 443,
                "ipv6_cidr_blocks": [],
                "prefix_list_ids": [],
                "protocol": "tcp",
                "security_groups": [],
                "self": false,
                "to_port": 443
              },
              {
                "cidr_blocks": [
                  "0.0.0.0/0"
                ],
                "description": "",
                "from_port": 80,
                "ipv6_cidr_blocks": [],
                "prefix_list_ids": [],
                "protocol": "tcp",
                "security_groups": [],
                "self": false,
                "to_port": 80
              }
            ],
            "name": "skilllink-alb-sg",
            "name_prefix": "",
            "owner_id": "463470958920",
            "region": "us-east-1",
            "revoke_rules_on_delete": false,
            "tags": {
              "Name": "skilllink-alb-sg"
            },
            "tags_all": {
              "Name": "skilllink-alb-sg"
            },
            "timeouts": null,
            "vpc_id": "vpc-00a606f2fa742d797"
          },
          "sensitive_attributes": [],
          "identity_schema_version": 0,
          "identity": {
            "account_id": "463470958920",
            "id": "sg-044f8a1d83a4ea54b",
            "region": "us-east-1"
          },
          "private": "eyJlMmJmYjczMC1lY2FhLTExZTYtOGY4OC0zNDM2M2JjN2M0YzAiOnsiY3JlYXRlIjo2MDAwMDAwMDAwMDAsImRlbGV0ZSI6OTAwMDAwMDAwMDAwfSwic2NoZW1hX3ZlcnNpb24iOiIxIn0=",
          "dependencies": [
            "aws_vpc.main"
          ]
        }
      ]
    },
    {
      "mode": "managed",
      "type": "aws_security_group",
      "name": "ec2",
      "provider": "provider[\"registry.terraform.io/hashicorp/aws\"]",
      "instances": [
        {
          "schema_version": 1,
          "attributes": {
            "arn": "arn:aws:ec2:us-east-1:463470958920:security-group/sg-048e5d7f19e899edd",
            "description": "Security group for EC2 instances",
            "egress": [
              {
                "cidr_blocks": [
                  "0.0.0.0/0"
                ],
                "description": "",
                "from_port": 0,
                "ipv6_cidr_blocks": [],
                "prefix_list_ids": [],
                "protocol": "-1",
                "security_groups": [],
                "self": false,
                "to_port": 0
              }
            ],
            "id": "sg-048e5d7f19e899edd",
            "ingress": [
              {
                "cidr_blocks": [
                  "196.191.61.178/32"
                ],
                "description": "SSH from admin IP",
                "from_port": 22,
                "ipv6_cidr_blocks": [],
                "prefix_list_ids": [],
                "protocol": "tcp",
                "security_groups": [],
                "self": false,
                "to_port": 22
              },
              {
                "cidr_blocks": [],
                "description": "Backend API from ALB",
                "from_port": 3001,
                "ipv6_cidr_blocks": [],
                "prefix_list_ids": [],
                "protocol": "tcp",
                "security_groups": [
                  "sg-044f8a1d83a4ea54b"
                ],
                "self": false,
                "to_port": 3001
              }
            ],
            "name": "skilllink-ec2-sg",
            "name_prefix": "",
            "owner_id": "463470958920",
            "region": "us-east-1",
            "revoke_rules_on_delete": false,
            "tags": {
              "Name": "skilllink-ec2-sg"
            },
            "tags_all": {
              "Name": "skilllink-ec2-sg"
            },
            "timeouts": null,
            "vpc_id": "vpc-00a606f2fa742d797"
          },
          "sensitive_attributes": [],
          "identity_schema_version": 0,
          "identity": {
            "account_id": "463470958920",
            "id": "sg-048e5d7f19e899edd",
            "region": "us-east-1"
          },
          "private": "eyJlMmJmYjczMC1lY2FhLTExZTYtOGY4OC0zNDM2M2JjN2M0YzAiOnsiY3JlYXRlIjo2MDAwMDAwMDAwMDAsImRlbGV0ZSI6OTAwMDAwMDAwMDAwfSwic2NoZW1hX3ZlcnNpb24iOiIxIn0=",
          "dependencies": [
            "aws_security_group.alb",
            "aws_vpc.main"
          ]
        }
      ]
    },
    {
      "mode": "managed",
      "type": "aws_security_group",
      "name": "rds",
      "provider": "provider[\"registry.terraform.io/hashicorp/aws\"]",
      "instances": [
        {
          "schema_version": 1,
          "attributes": {
            "arn": "arn:aws:ec2:us-east-1:463470958920:security-group/sg-0069c9478f44e291e",
            "description": "Security group for RDS instance",
            "egress": [
              {
                "cidr_blocks": [
                  "0.0.0.0/0"
                ],
                "description": "",
                "from_port": 0,
                "ipv6_cidr_blocks": [],
                "prefix_list_ids": [],
                "protocol": "-1",
                "security_groups": [],
                "self": false,
                "to_port": 0
              }
            ],
            "id": "sg-0069c9478f44e291e",
            "ingress": [
              {
                "cidr_blocks": [],
                "description": "PostgreSQL from EC2",
                "from_port": 5432,
                "ipv6_cidr_blocks": [],
                "prefix_list_ids": [],
                "protocol": "tcp",
                "security_groups": [
                  "sg-048e5d7f19e899edd"
                ],
                "self": false,
                "to_port": 5432
              }
            ],
            "name": "skilllink-rds-sg",
            "name_prefix": "",
            "owner_id": "463470958920",
            "region": "us-east-1",
            "revoke_rules_on_delete": false,
            "tags": {
              "Name": "skilllink-rds-sg"
            },
            "tags_all": {
              "Name": "skilllink-rds-sg"
            },
            "timeouts": null,
            "vpc_id": "vpc-00a606f2fa742d797"
          },
          "sensitive_attributes": [],
          "identity_schema_version": 0,
          "identity": {
            "account_id": "463470958920",
            "id": "sg-0069c9478f44e291e",
            "region": "us-east-1"
          },
          "private": "eyJlMmJmYjczMC1lY2FhLTExZTYtOGY4OC0zNDM2M2JjN2M0YzAiOnsiY3JlYXRlIjo2MDAwMDAwMDAwMDAsImRlbGV0ZSI6OTAwMDAwMDAwMDAwfSwic2NoZW1hX3ZlcnNpb24iOiIxIn0=",
          "dependencies": [
            "aws_security_group.alb",
            "aws_security_group.ec2",
            "aws_vpc.main"
          ]
        }
      ]
    },
    {
      "mode": "managed",
      "type": "aws_ssm_parameter",
      "name": "db_password",
      "provider": "provider[\"registry.terraform.io/hashicorp/aws\"]",
      "instances": [
        {
          "schema_version": 0,
          "attributes": {
            "allowed_pattern": "",
            "arn": "arn:aws:ssm:us-east-1:463470958920:parameter/skilllink/db/password",
            "data_type": "text",
            "description": "Database password for skilllink",
            "has_value_wo": false,
            "id": "/skilllink/db/password",
            "insecure_value": null,
            "key_id": "alias/aws/ssm",
            "name": "/skilllink/db/password",
            "overwrite": null,
            "region": "us-east-1",
            "tags": {
              "Name": "skilllink-db-password"
            },
            "tags_all": {
              "Name": "skilllink-db-password"
            },
            "tier": "Standard",
            "type": "SecureString",
            "value": "SkillLinkSecureDB2024!",
            "value_wo": null,
            "value_wo_version": null,
            "version": 1
          },
          "sensitive_attributes": [
            [
              {
                "type": "get_attr",
                "value": "value"
              }
            ],
            [
              {
                "type": "get_attr",
                "value": "value_wo"
              }
            ]
          ],
          "identity_schema_version": 0,
          "identity": {
            "account_id": "463470958920",
            "name": "/skilllink/db/password",
            "region": "us-east-1"
          },
          "private": "bnVsbA=="
        }
      ]
    },
    {
      "mode": "managed",
      "type": "aws_ssm_parameter",
      "name": "jwt_secret",
      "provider": "provider[\"registry.terraform.io/hashicorp/aws\"]",
      "instances": [
        {
          "schema_version": 0,
          "attributes": {
            "allowed_pattern": "",
            "arn": "arn:aws:ssm:us-east-1:463470958920:parameter/skilllink/jwt/secret",
            "data_type": "text",
            "description": "JWT secret for skilllink",
            "has_value_wo": false,
            "id": "/skilllink/jwt/secret",
            "insecure_value": null,
            "key_id": "alias/aws/ssm",
            "name": "/skilllink/jwt/secret",
            "overwrite": null,
            "region": "us-east-1",
            "tags": {
              "Name": "skilllink-jwt-secret"
            },
            "tags_all": {
              "Name": "skilllink-jwt-secret"
            },
            "tier": "Standard",
            "type": "SecureString",
            "value": "kcjD=fUR\u003e+Lk_@oG%M#bNbcQ2:H]L0Pn",
            "value_wo": null,
            "value_wo_version": null,
            "version": 1
          },
          "sensitive_attributes": [
            [
              {
                "type": "get_attr",
                "value": "value"
              }
            ],
            [
              {
                "type": "get_attr",
                "value": "value_wo"
              }
            ]
          ],
          "identity_schema_version": 0,
          "identity": {
            "account_id": "463470958920",
            "name": "/skilllink/jwt/secret",
            "region": "us-east-1"
          },
          "private": "bnVsbA==",
          "dependencies": [
            "random_password.jwt_secret"
          ]
        }
      ]
    },
    {
      "mode": "managed",
      "type": "aws_subnet",
      "name": "private",
      "provider": "provider[\"registry.terraform.io/hashicorp/aws\"]",
      "instances": [
        {
          "schema_version": 1,
          "attributes": {
            "arn": "arn:aws:ec2:us-east-1:463470958920:subnet/subnet-0439b0760b6c94a8c",
            "assign_ipv6_address_on_creation": false,
            "availability_zone": "us-east-1b",
            "availability_zone_id": "use1-az4",
            "cidr_block": "10.0.2.0/24",
            "customer_owned_ipv4_pool": "",
            "enable_dns64": false,
            "enable_lni_at_device_index": 0,
            "enable_resource_name_dns_a_record_on_launch": false,
            "enable_resource_name_dns_aaaa_record_on_launch": false,
            "id": "subnet-0439b0760b6c94a8c",
            "ipv6_cidr_block": "",
            "ipv6_cidr_block_association_id": "",
            "ipv6_native": false,
            "map_customer_owned_ip_on_launch": false,
            "map_public_ip_on_launch": false,
            "outpost_arn": "",
            "owner_id": "463470958920",
            "private_dns_hostname_type_on_launch": "ip-name",
            "region": "us-east-1",
            "tags": {
              "Name": "skilllink-private-subnet"
            },
            "tags_all": {
              "Name": "skilllink-private-subnet"
            },
            "timeouts": null,
            "vpc_id": "vpc-00a606f2fa742d797"
          },
          "sensitive_attributes": [],
          "identity_schema_version": 0,
          "identity": {
            "account_id": "463470958920",
            "id": "subnet-0439b0760b6c94a8c",
            "region": "us-east-1"
          },
          "private": "eyJlMmJmYjczMC1lY2FhLTExZTYtOGY4OC0zNDM2M2JjN2M0YzAiOnsiY3JlYXRlIjo2MDAwMDAwMDAwMDAsImRlbGV0ZSI6MTIwMDAwMDAwMDAwMH0sInNjaGVtYV92ZXJzaW9uIjoiMSJ9",
          "dependencies": [
            "aws_vpc.main"
          ]
        }
      ]
    },
    {
      "mode": "managed",
      "type": "aws_subnet",
      "name": "public",
      "provider": "provider[\"registry.terraform.io/hashicorp/aws\"]",
      "instances": [
        {
          "schema_version": 1,
          "attributes": {
            "arn": "arn:aws:ec2:us-east-1:463470958920:subnet/subnet-072dcb9f2b913802f",
            "assign_ipv6_address_on_creation": false,
            "availability_zone": "us-east-1a",
            "availability_zone_id": "use1-az2",
            "cidr_block": "10.0.1.0/24",
            "customer_owned_ipv4_pool": "",
            "enable_dns64": false,
            "enable_lni_at_device_index": 0,
            "enable_resource_name_dns_a_record_on_launch": false,
            "enable_resource_name_dns_aaaa_record_on_launch": false,
            "id": "subnet-072dcb9f2b913802f",
            "ipv6_cidr_block": "",
            "ipv6_cidr_block_association_id": "",
            "ipv6_native": false,
            "map_customer_owned_ip_on_launch": false,
            "map_public_ip_on_launch": true,
            "outpost_arn": "",
            "owner_id": "463470958920",
            "private_dns_hostname_type_on_launch": "ip-name",
            "region": "us-east-1",
            "tags": {
              "Name": "skilllink-public-subnet"
            },
            "tags_all": {
              "Name": "skilllink-public-subnet"
            },
            "timeouts": null,
            "vpc_id": "vpc-00a606f2fa742d797"
          },
          "sensitive_attributes": [],
          "identity_schema_version": 0,
          "identity": {
            "account_id": "463470958920",
            "id": "subnet-072dcb9f2b913802f",
            "region": "us-east-1"
          },
          "private": "eyJlMmJmYjczMC1lY2FhLTExZTYtOGY4OC0zNDM2M2JjN2M0YzAiOnsiY3JlYXRlIjo2MDAwMDAwMDAwMDAsImRlbGV0ZSI6MTIwMDAwMDAwMDAwMH0sInNjaGVtYV92ZXJzaW9uIjoiMSJ9",
          "dependencies": [
            "aws_vpc.main"
          ]
        }
      ]
    },
    {
      "mode": "managed",
      "type": "aws_vpc",
      "name": "main",
      "provider": "provider[\"registry.terraform.io/hashicorp/aws\"]",
      "instances": [
        {
          "schema_version": 1,
          "attributes": {
            "arn": "arn:aws:ec2:us-east-1:463470958920:vpc/vpc-00a606f2fa742d797",
            "assign_generated_ipv6_cidr_block": false,
            "cidr_block": "10.0.0.0/16",
            "default_network_acl_id": "acl-0dcbabf7292b7da57",
            "default_route_table_id": "rtb-04ed26e649c4332c0",
            "default_security_group_id": "sg-00408847176de1710",
            "dhcp_options_id": "dopt-09d1ab8d407de11a0",
            "enable_dns_hostnames": true,
            "enable_dns_support": true,
            "enable_network_address_usage_metrics": false,
            "id": "vpc-00a606f2fa742d797",
            "instance_tenancy": "default",
            "ipv4_ipam_pool_id": null,
            "ipv4_netmask_length": null,
            "ipv6_association_id": "",
            "ipv6_cidr_block": "",
            "ipv6_cidr_block_network_border_group": "",
            "ipv6_ipam_pool_id": "",
            "ipv6_netmask_length": 0,
            "main_route_table_id": "rtb-04ed26e649c4332c0",
            "owner_id": "463470958920",
            "region": "us-east-1",
            "tags": {
              "Name": "skilllink-vpc"
            },
            "tags_all": {
              "Name": "skilllink-vpc"
            }
          },
          "sensitive_attributes": [],
          "identity_schema_version": 0,
          "private": "eyJzY2hlbWFfdmVyc2lvbiI6IjEifQ=="
        }
      ]
    },
    {
      "mode": "managed",
      "type": "random_id",
      "name": "bucket_suffix",
      "provider": "provider[\"registry.terraform.io/hashicorp/random\"]",
      "instances": [
        {
          "schema_version": 0,
          "attributes": {
            "b64_std": "NwzSMw==",
            "b64_url": "NwzSMw",
            "byte_length": 4,
            "dec": "923587123",
            "hex": "370cd233",
            "id": "NwzSMw",
            "keepers": null,
            "prefix": null
          },
          "sensitive_attributes": [],
          "identity_schema_version": 0
        }
      ]
    },
    {
      "mode": "managed",
      "type": "random_password",
      "name": "jwt_secret",
      "provider": "provider[\"registry.terraform.io/hashicorp/random\"]",
      "instances": [
        {
          "schema_version": 3,
          "attributes": {
            "bcrypt_hash": "$2a$10$9YzyESHsG7/jbhwsJ./XweFURRnIzusKY5mRACJhD6Lpf9W.IvF8W",
            "id": "none",
            "keepers": null,
            "length": 32,
            "lower": true,
            "min_lower": 0,
            "min_numeric": 0,
            "min_special": 0,
            "min_upper": 0,
            "number": true,
            "numeric": true,
            "override_special": null,
            "result": "kcjD=fUR\u003e+Lk_@oG%M#bNbcQ2:H]L0Pn",
            "special": true,
            "upper": true
          },
          "sensitive_attributes": [
            [
              {
                "type": "get_attr",
                "value": "bcrypt_hash"
              }
            ],
            [
              {
                "type": "get_attr",
                "value": "result"
              }
            ]
          ],
          "identity_schema_version": 0
        }
      ]
    }
  ],
  "check_results": null
}
